// !$*UTF8*$!
{
	archiveVersion = 1;
	classes = {
	};
	objectVersion = 56;
	objects = {

/* Begin PBXBuildFile section */
		974900C52EEF541C0056B6D4 /* Wallet.swift in Sources */ = {isa = PBXBuildFile; fileRef = 974900C42EEF541C0056B6D4 /* Wallet.swift */; };
		974900C72EEF544B0056B6D4 /* SendMoneyViewModel.swift in Sources */ = {isa = PBXBuildFile; fileRef = 974900C62EEF544B0056B6D4 /* SendMoneyViewModel.swift */; };
		97590BDF2EEDC1EA00FED302 /* Route.swift in Sources */ = {isa = PBXBuildFile; fileRef = 97590BDE2EEDC1EA00FED302 /* Route.swift */; };
		97590BE12EEDD19800FED302 /* TransactionListView.swift in Sources */ = {isa = PBXBuildFile; fileRef = 97590BE02EEDD19800FED302 /* TransactionListView.swift */; };
		976FBE9F2EEEE940007218D4 /* DialogView.swift in Sources */ = {isa = PBXBuildFile; fileRef = 976FBE9E2EEEE940007218D4 /* DialogView.swift */; };
		97733DEC2EEEC2CF00611BD1 /* FormatterHelper.swift in Sources */ = {isa = PBXBuildFile; fileRef = 97733DEB2EEEC2CF00611BD1 /* FormatterHelper.swift */; };
		97733DEE2EEEC40A00611BD1 /* Constant.swift in Sources */ = {isa = PBXBuildFile; fileRef = 97733DED2EEEC40A00611BD1 /* Constant.swift */; };
		97733DF02EEEC80300611BD1 /* TransactionViewModel.swift in Sources */ = {isa = PBXBuildFile; fileRef = 97733DEF2EEEC80300611BD1 /* TransactionViewModel.swift */; };
		9775D4CB2EEC7728009B50C6 /* DashboardViewModel.swift in Sources */ = {isa = PBXBuildFile; fileRef = 9775D4CA2EEC7728009B50C6 /* DashboardViewModel.swift */; };
		978D66E72EEC16C3004CC45B /* AuthenticationService.swift in Sources */ = {isa = PBXBuildFile; fileRef = 978D66E62EEC16C3004CC45B /* AuthenticationService.swift */; };
		97A632632EED852D004A3D76 /* WalletViewModel.swift in Sources */ = {isa = PBXBuildFile; fileRef = 97A632622EED852D004A3D76 /* WalletViewModel.swift */; };
		97A632652EED900C004A3D76 /* SendMoneyView.swift in Sources */ = {isa = PBXBuildFile; fileRef = 97A632642EED900C004A3D76 /* SendMoneyView.swift */; };
		97C9F2DB2EE9B2D60037B1F4 /* SendMoneyExamApp.swift in Sources */ = {isa = PBXBuildFile; fileRef = 97C9F2DA2EE9B2D60037B1F4 /* SendMoneyExamApp.swift */; };
		97C9F2DF2EE9B2DA0037B1F4 /* Assets.xcassets in Resources */ = {isa = PBXBuildFile; fileRef = 97C9F2DE2EE9B2DA0037B1F4 /* Assets.xcassets */; };
		97C9F2E22EE9B2DA0037B1F4 /* Preview Assets.xcassets in Resources */ = {isa = PBXBuildFile; fileRef = 97C9F2E12EE9B2DA0037B1F4 /* Preview Assets.xcassets */; };
		97C9F2E42EE9B2DA0037B1F4 /* Persistence.swift in Sources */ = {isa = PBXBuildFile; fileRef = 97C9F2E32EE9B2DA0037B1F4 /* Persistence.swift */; };
		97C9F2E72EE9B2DA0037B1F4 /* SendMoneyExam.xcdatamodeld in Sources */ = {isa = PBXBuildFile; fileRef = 97C9F2E52EE9B2DA0037B1F4 /* SendMoneyExam.xcdatamodeld */; };
		97C9F2F12EE9B2DA0037B1F4 /* SendMoneyExamTests.swift in Sources */ = {isa = PBXBuildFile; fileRef = 97C9F2F02EE9B2DA0037B1F4 /* SendMoneyExamTests.swift */; };
		97C9F2FB2EE9B2DA0037B1F4 /* SendMoneyExamUITests.swift in Sources */ = {isa = PBXBuildFile; fileRef = 97C9F2FA2EE9B2DA0037B1F4 /* SendMoneyExamUITests.swift */; };
		97C9F2FD2EE9B2DA0037B1F4 /* SendMoneyExamUITestsLaunchTests.swift in Sources */ = {isa = PBXBuildFile; fileRef = 97C9F2FC2EE9B2DA0037B1F4 /* SendMoneyExamUITestsLaunchTests.swift */; };
		97EB3DE12EEAD4F00056BB1F /* LoginView.swift in Sources */ = {isa = PBXBuildFile; fileRef = 97EB3DE02EEAD4F00056BB1F /* LoginView.swift */; };
		97EB3DE32EEAD4FD0056BB1F /* LoginViewModel.swift in Sources */ = {isa = PBXBuildFile; fileRef = 97EB3DE22EEAD4FD0056BB1F /* LoginViewModel.swift */; };
		97EB3DE52EEAF3140056BB1F /* DashboardView.swift in Sources */ = {isa = PBXBuildFile; fileRef = 97EB3DE42EEAF3140056BB1F /* DashboardView.swift */; };
		97F65C382EF008BA00AF149F /* TransactionItemView.swift in Sources */ = {isa = PBXBuildFile; fileRef = 97F65C372EF008BA00AF149F /* TransactionItemView.swift */; };
		97F65C3B2EF03BD300AF149F /* View+Placeholder.swift in Sources */ = {isa = PBXBuildFile; fileRef = 97F65C3A2EF03BD300AF149F /* View+Placeholder.swift */; };
		97F65C422EF043E900AF149F /* TransactionDataManager.swift in Sources */ = {isa = PBXBuildFile; fileRef = 97F65C412EF043E900AF149F /* TransactionDataManager.swift */; };
/* End PBXBuildFile section */

/* Begin PBXContainerItemProxy section */
		97C9F2ED2EE9B2DA0037B1F4 /* PBXContainerItemProxy */ = {
			isa = PBXContainerItemProxy;
			containerPortal = 97C9F2CF2EE9B2D60037B1F4 /* Project object */;
			proxyType = 1;
			remoteGlobalIDString = 97C9F2D62EE9B2D60037B1F4;
			remoteInfo = SendMoneyExam;
		};
		97C9F2F72EE9B2DA0037B1F4 /* PBXContainerItemProxy */ = {
			isa = PBXContainerItemProxy;
			containerPortal = 97C9F2CF2EE9B2D60037B1F4 /* Project object */;
			proxyType = 1;
			remoteGlobalIDString = 97C9F2D62EE9B2D60037B1F4;
			remoteInfo = SendMoneyExam;
		};
/* End PBXContainerItemProxy section */

/* Begin PBXFileReference section */
		974900C42EEF541C0056B6D4 /* Wallet.swift */ = {isa = PBXFileReference; lastKnownFileType = sourcecode.swift; path = Wallet.swift; sourceTree = "<group>"; };
		974900C62EEF544B0056B6D4 /* SendMoneyViewModel.swift */ = {isa = PBXFileReference; lastKnownFileType = sourcecode.swift; path = SendMoneyViewModel.swift; sourceTree = "<group>"; };
		97590BDE2EEDC1EA00FED302 /* Route.swift */ = {isa = PBXFileReference; lastKnownFileType = sourcecode.swift; path = Route.swift; sourceTree = "<group>"; };
		97590BE02EEDD19800FED302 /* TransactionListView.swift */ = {isa = PBXFileReference; lastKnownFileType = sourcecode.swift; path = TransactionListView.swift; sourceTree = "<group>"; };
		976FBE9E2EEEE940007218D4 /* DialogView.swift */ = {isa = PBXFileReference; lastKnownFileType = sourcecode.swift; path = DialogView.swift; sourceTree = "<group>"; };
		97733DEB2EEEC2CF00611BD1 /* FormatterHelper.swift */ = {isa = PBXFileReference; lastKnownFileType = sourcecode.swift; path = FormatterHelper.swift; sourceTree = "<group>"; };
		97733DED2EEEC40A00611BD1 /* Constant.swift */ = {isa = PBXFileReference; lastKnownFileType = sourcecode.swift; path = Constant.swift; sourceTree = "<group>"; };
		97733DEF2EEEC80300611BD1 /* TransactionViewModel.swift */ = {isa = PBXFileReference; lastKnownFileType = sourcecode.swift; path = TransactionViewModel.swift; sourceTree = "<group>"; };
		9775D4CA2EEC7728009B50C6 /* DashboardViewModel.swift */ = {isa = PBXFileReference; lastKnownFileType = sourcecode.swift; path = DashboardViewModel.swift; sourceTree = "<group>"; };
		978D66E62EEC16C3004CC45B /* AuthenticationService.swift */ = {isa = PBXFileReference; lastKnownFileType = sourcecode.swift; path = AuthenticationService.swift; sourceTree = "<group>"; };
		97A632622EED852D004A3D76 /* WalletViewModel.swift */ = {isa = PBXFileReference; lastKnownFileType = sourcecode.swift; path = WalletViewModel.swift; sourceTree = "<group>"; };
		97A632642EED900C004A3D76 /* SendMoneyView.swift */ = {isa = PBXFileReference; lastKnownFileType = sourcecode.swift; path = SendMoneyView.swift; sourceTree = "<group>"; };
		97C9F2D72EE9B2D60037B1F4 /* SendMoneyExam.app */ = {isa = PBXFileReference; explicitFileType = wrapper.application; includeInIndex = 0; path = SendMoneyExam.app; sourceTree = BUILT_PRODUCTS_DIR; };
		97C9F2DA2EE9B2D60037B1F4 /* SendMoneyExamApp.swift */ = {isa = PBXFileReference; lastKnownFileType = sourcecode.swift; path = SendMoneyExamApp.swift; sourceTree = "<group>"; };
		97C9F2DE2EE9B2DA0037B1F4 /* Assets.xcassets */ = {isa = PBXFileReference; lastKnownFileType = folder.assetcatalog; path = Assets.xcassets; sourceTree = "<group>"; };
		97C9F2E12EE9B2DA0037B1F4 /* Preview Assets.xcassets */ = {isa = PBXFileReference; lastKnownFileType = folder.assetcatalog; path = "Preview Assets.xcassets"; sourceTree = "<group>"; };
		97C9F2E32EE9B2DA0037B1F4 /* Persistence.swift */ = {isa = PBXFileReference; lastKnownFileType = sourcecode.swift; path = Persistence.swift; sourceTree = "<group>"; };
		97C9F2E62EE9B2DA0037B1F4 /* SendMoneyExam.xcdatamodel */ = {isa = PBXFileReference; lastKnownFileType = wrapper.xcdatamodel; path = SendMoneyExam.xcdatamodel; sourceTree = "<group>"; };
		97C9F2EC2EE9B2DA0037B1F4 /* SendMoneyExamTests.xctest */ = {isa = PBXFileReference; explicitFileType = wrapper.cfbundle; includeInIndex = 0; path = SendMoneyExamTests.xctest; sourceTree = BUILT_PRODUCTS_DIR; };
		97C9F2F02EE9B2DA0037B1F4 /* SendMoneyExamTests.swift */ = {isa = PBXFileReference; lastKnownFileType = sourcecode.swift; path = SendMoneyExamTests.swift; sourceTree = "<group>"; };
		97C9F2F62EE9B2DA0037B1F4 /* SendMoneyExamUITests.xctest */ = {isa = PBXFileReference; explicitFileType = wrapper.cfbundle; includeInIndex = 0; path = SendMoneyExamUITests.xctest; sourceTree = BUILT_PRODUCTS_DIR; };
		97C9F2FA2EE9B2DA0037B1F4 /* SendMoneyExamUITests.swift */ = {isa = PBXFileReference; lastKnownFileType = sourcecode.swift; path = SendMoneyExamUITests.swift; sourceTree = "<group>"; };
		97C9F2FC2EE9B2DA0037B1F4 /* SendMoneyExamUITestsLaunchTests.swift */ = {isa = PBXFileReference; lastKnownFileType = sourcecode.swift; path = SendMoneyExamUITestsLaunchTests.swift; sourceTree = "<group>"; };
		97C9F3092EE9B3520037B1F4 /* README.md */ = {isa = PBXFileReference; lastKnownFileType = net.daringfireball.markdown; path = README.md; sourceTree = "<group>"; };
		97EB3DE02EEAD4F00056BB1F /* LoginView.swift */ = {isa = PBXFileReference; lastKnownFileType = sourcecode.swift; path = LoginView.swift; sourceTree = "<group>"; };
		97EB3DE22EEAD4FD0056BB1F /* LoginViewModel.swift */ = {isa = PBXFileReference; lastKnownFileType = sourcecode.swift; path = LoginViewModel.swift; sourceTree = "<group>"; };
		97EB3DE42EEAF3140056BB1F /* DashboardView.swift */ = {isa = PBXFileReference; lastKnownFileType = sourcecode.swift; path = DashboardView.swift; sourceTree = "<group>"; };
		97F65C372EF008BA00AF149F /* TransactionItemView.swift */ = {isa = PBXFileReference; lastKnownFileType = sourcecode.swift; path = TransactionItemView.swift; sourceTree = "<group>"; };
		97F65C3A2EF03BD300AF149F /* View+Placeholder.swift */ = {isa = PBXFileReference; lastKnownFileType = sourcecode.swift; path = "View+Placeholder.swift"; sourceTree = "<group>"; };
		97F65C412EF043E900AF149F /* TransactionDataManager.swift */ = {isa = PBXFileReference; lastKnownFileType = sourcecode.swift; path = TransactionDataManager.swift; sourceTree = "<group>"; };
/* End PBXFileReference section */

/* Begin PBXFrameworksBuildPhase section */
		97C9F2D42EE9B2D60037B1F4 /* Frameworks */ = {
			isa = PBXFrameworksBuildPhase;
			buildActionMask = 2147483647;
			files = (
			);
			runOnlyForDeploymentPostprocessing = 0;
		};
		97C9F2E92EE9B2DA0037B1F4 /* Frameworks */ = {
			isa = PBXFrameworksBuildPhase;
			buildActionMask = 2147483647;
			files = (
			);
			runOnlyForDeploymentPostprocessing = 0;
		};
		97C9F2F32EE9B2DA0037B1F4 /* Frameworks */ = {
			isa = PBXFrameworksBuildPhase;
			buildActionMask = 2147483647;
			files = (
			);
			runOnlyForDeploymentPostprocessing = 0;
		};
/* End PBXFrameworksBuildPhase section */

/* Begin PBXGroup section */
		974900C32EEF54060056B6D4 /* Model */ = {
			isa = PBXGroup;
			children = (
				974900C42EEF541C0056B6D4 /* Wallet.swift */,
			);
			path = Model;
			sourceTree = "<group>";
		};
		97590BDD2EEDC1DC00FED302 /* Navigation */ = {
			isa = PBXGroup;
			children = (
				97590BDE2EEDC1EA00FED302 /* Route.swift */,
			);
			path = Navigation;
			sourceTree = "<group>";
		};
		97733DE72EEEC25600611BD1 /* Helper */ = {
			isa = PBXGroup;
			children = (
				97733DEB2EEEC2CF00611BD1 /* FormatterHelper.swift */,
				97733DED2EEEC40A00611BD1 /* Constant.swift */,
			);
			path = Helper;
			sourceTree = "<group>";
		};
		978D66E52EEC16AB004CC45B /* Service */ = {
			isa = PBXGroup;
			children = (
				978D66E62EEC16C3004CC45B /* AuthenticationService.swift */,
			);
			path = Service;
			sourceTree = "<group>";
		};
		97C9F2CE2EE9B2D60037B1F4 = {
			isa = PBXGroup;
			children = (
				97C9F3092EE9B3520037B1F4 /* README.md */,
				97C9F2D92EE9B2D60037B1F4 /* SendMoneyExam */,
				97C9F2EF2EE9B2DA0037B1F4 /* SendMoneyExamTests */,
				97C9F2F92EE9B2DA0037B1F4 /* SendMoneyExamUITests */,
				97C9F2D82EE9B2D60037B1F4 /* Products */,
			);
			sourceTree = "<group>";
		};
		97C9F2D82EE9B2D60037B1F4 /* Products */ = {
			isa = PBXGroup;
			children = (
				97C9F2D72EE9B2D60037B1F4 /* SendMoneyExam.app */,
				97C9F2EC2EE9B2DA0037B1F4 /* SendMoneyExamTests.xctest */,
				97C9F2F62EE9B2DA0037B1F4 /* SendMoneyExamUITests.xctest */,
			);
			name = Products;
			sourceTree = "<group>";
		};
		97C9F2D92EE9B2D60037B1F4 /* SendMoneyExam */ = {
			isa = PBXGroup;
			children = (
				97F65C392EF03BB400AF149F /* Extension */,
				97733DE72EEEC25600611BD1 /* Helper */,
				97590BDD2EEDC1DC00FED302 /* Navigation */,
				97EB3DDF2EEAD4380056BB1F /* Persistence */,
				978D66E52EEC16AB004CC45B /* Service */,
				974900C32EEF54060056B6D4 /* Model */,
				97C9F30B2EE9B58C0037B1F4 /* ViewModel */,
				97C9F30A2EE9B5810037B1F4 /* View */,
				97C9F2DA2EE9B2D60037B1F4 /* SendMoneyExamApp.swift */,
				97C9F2DE2EE9B2DA0037B1F4 /* Assets.xcassets */,
				97C9F2E02EE9B2DA0037B1F4 /* Preview Content */,
			);
			path = SendMoneyExam;
			sourceTree = "<group>";
		};
		97C9F2E02EE9B2DA0037B1F4 /* Preview Content */ = {
			isa = PBXGroup;
			children = (
				97C9F2E12EE9B2DA0037B1F4 /* Preview Assets.xcassets */,
			);
			path = "Preview Content";
			sourceTree = "<group>";
		};
		97C9F2EF2EE9B2DA0037B1F4 /* SendMoneyExamTests */ = {
			isa = PBXGroup;
			children = (
				97C9F2F02EE9B2DA0037B1F4 /* SendMoneyExamTests.swift */,
			);
			path = SendMoneyExamTests;
			sourceTree = "<group>";
		};
		97C9F2F92EE9B2DA0037B1F4 /* SendMoneyExamUITests */ = {
			isa = PBXGroup;
			children = (
				97C9F2FA2EE9B2DA0037B1F4 /* SendMoneyExamUITests.swift */,
				97C9F2FC2EE9B2DA0037B1F4 /* SendMoneyExamUITestsLaunchTests.swift */,
			);
			path = SendMoneyExamUITests;
			sourceTree = "<group>";
		};
		97C9F30A2EE9B5810037B1F4 /* View */ = {
			isa = PBXGroup;
			children = (
				97EB3DE02EEAD4F00056BB1F /* LoginView.swift */,
				97EB3DE42EEAF3140056BB1F /* DashboardView.swift */,
				97A632642EED900C004A3D76 /* SendMoneyView.swift */,
				976FBE9E2EEEE940007218D4 /* DialogView.swift */,
				97590BE02EEDD19800FED302 /* TransactionListView.swift */,
				97F65C372EF008BA00AF149F /* TransactionItemView.swift */,
			);
			path = View;
			sourceTree = "<group>";
		};
		97C9F30B2EE9B58C0037B1F4 /* ViewModel */ = {
			isa = PBXGroup;
			children = (
				97EB3DE22EEAD4FD0056BB1F /* LoginViewModel.swift */,
				9775D4CA2EEC7728009B50C6 /* DashboardViewModel.swift */,
				97A632622EED852D004A3D76 /* WalletViewModel.swift */,
				97733DEF2EEEC80300611BD1 /* TransactionViewModel.swift */,
				974900C62EEF544B0056B6D4 /* SendMoneyViewModel.swift */,
			);
			path = ViewModel;
			sourceTree = "<group>";
		};
		97EB3DDF2EEAD4380056BB1F /* Persistence */ = {
			isa = PBXGroup;
			children = (
				97F65C402EF043D300AF149F /* DataManager */,
				97C9F2E32EE9B2DA0037B1F4 /* Persistence.swift */,
				97C9F2E52EE9B2DA0037B1F4 /* SendMoneyExam.xcdatamodeld */,
			);
			path = Persistence;
			sourceTree = "<group>";
		};
		97F65C392EF03BB400AF149F /* Extension */ = {
			isa = PBXGroup;
			children = (
				97F65C3A2EF03BD300AF149F /* View+Placeholder.swift */,
			);
			path = Extension;
			sourceTree = "<group>";
		};
		97F65C402EF043D300AF149F /* DataManager */ = {
			isa = PBXGroup;
			children = (
				97F65C412EF043E900AF149F /* TransactionDataManager.swift */,
			);
			path = DataManager;
			sourceTree = "<group>";
		};
/* End PBXGroup section */

/* Begin PBXNativeTarget section */
		97C9F2D62EE9B2D60037B1F4 /* SendMoneyExam */ = {
			isa = PBXNativeTarget;
			buildConfigurationList = 97C9F3002EE9B2DA0037B1F4 /* Build configuration list for PBXNativeTarget "SendMoneyExam" */;
			buildPhases = (
				97C9F2D32EE9B2D60037B1F4 /* Sources */,
				97C9F2D42EE9B2D60037B1F4 /* Frameworks */,
				97C9F2D52EE9B2D60037B1F4 /* Resources */,
			);
			buildRules = (
			);
			dependencies = (
			);
			name = SendMoneyExam;
			productName = SendMoneyExam;
			productReference = 97C9F2D72EE9B2D60037B1F4 /* SendMoneyExam.app */;
			productType = "com.apple.product-type.application";
		};
		97C9F2EB2EE9B2DA0037B1F4 /* SendMoneyExamTests */ = {
			isa = PBXNativeTarget;
			buildConfigurationList = 97C9F3032EE9B2DA0037B1F4 /* Build configuration list for PBXNativeTarget "SendMoneyExamTests" */;
			buildPhases = (
				97C9F2E82EE9B2DA0037B1F4 /* Sources */,
				97C9F2E92EE9B2DA0037B1F4 /* Frameworks */,
				97C9F2EA2EE9B2DA0037B1F4 /* Resources */,
			);
			buildRules = (
			);
			dependencies = (
				97C9F2EE2EE9B2DA0037B1F4 /* PBXTargetDependency */,
			);
			name = SendMoneyExamTests;
			productName = SendMoneyExamTests;
			productReference = 97C9F2EC2EE9B2DA0037B1F4 /* SendMoneyExamTests.xctest */;
			productType = "com.apple.product-type.bundle.unit-test";
		};
		97C9F2F52EE9B2DA0037B1F4 /* SendMoneyExamUITests */ = {
			isa = PBXNativeTarget;
			buildConfigurationList = 97C9F3062EE9B2DA0037B1F4 /* Build configuration list for PBXNativeTarget "SendMoneyExamUITests" */;
			buildPhases = (
				97C9F2F22EE9B2DA0037B1F4 /* Sources */,
				97C9F2F32EE9B2DA0037B1F4 /* Frameworks */,
				97C9F2F42EE9B2DA0037B1F4 /* Resources */,
			);
			buildRules = (
			);
			dependencies = (
				97C9F2F82EE9B2DA0037B1F4 /* PBXTargetDependency */,
			);
			name = SendMoneyExamUITests;
			productName = SendMoneyExamUITests;
			productReference = 97C9F2F62EE9B2DA0037B1F4 /* SendMoneyExamUITests.xctest */;
			productType = "com.apple.product-type.bundle.ui-testing";
		};
/* End PBXNativeTarget section */

/* Begin PBXProject section */
		97C9F2CF2EE9B2D60037B1F4 /* Project object */ = {
			isa = PBXProject;
			attributes = {
				BuildIndependentTargetsInParallel = 1;
				LastSwiftUpdateCheck = 1420;
				LastUpgradeCheck = 1420;
				TargetAttributes = {
					97C9F2D62EE9B2D60037B1F4 = {
						CreatedOnToolsVersion = 14.2;
					};
					97C9F2EB2EE9B2DA0037B1F4 = {
						CreatedOnToolsVersion = 14.2;
						TestTargetID = 97C9F2D62EE9B2D60037B1F4;
					};
					97C9F2F52EE9B2DA0037B1F4 = {
						CreatedOnToolsVersion = 14.2;
						TestTargetID = 97C9F2D62EE9B2D60037B1F4;
					};
				};
			};
			buildConfigurationList = 97C9F2D22EE9B2D60037B1F4 /* Build configuration list for PBXProject "SendMoneyExam" */;
			compatibilityVersion = "Xcode 14.0";
			developmentRegion = en;
			hasScannedForEncodings = 0;
			knownRegions = (
				en,
				Base,
			);
			mainGroup = 97C9F2CE2EE9B2D60037B1F4;
			productRefGroup = 97C9F2D82EE9B2D60037B1F4 /* Products */;
			projectDirPath = "";
			projectRoot = "";
			targets = (
				97C9F2D62EE9B2D60037B1F4 /* SendMoneyExam */,
				97C9F2EB2EE9B2DA0037B1F4 /* SendMoneyExamTests */,
				97C9F2F52EE9B2DA0037B1F4 /* SendMoneyExamUITests */,
			);
		};
/* End PBXProject section */

/* Begin PBXResourcesBuildPhase section */
		97C9F2D52EE9B2D60037B1F4 /* Resources */ = {
			isa = PBXResourcesBuildPhase;
			buildActionMask = 2147483647;
			files = (
				97C9F2E22EE9B2DA0037B1F4 /* Preview Assets.xcassets in Resources */,
				97C9F2DF2EE9B2DA0037B1F4 /* Assets.xcassets in Resources */,
			);
			runOnlyForDeploymentPostprocessing = 0;
		};
		97C9F2EA2EE9B2DA0037B1F4 /* Resources */ = {
			isa = PBXResourcesBuildPhase;
			buildActionMask = 2147483647;
			files = (
			);
			runOnlyForDeploymentPostprocessing = 0;
		};
		97C9F2F42EE9B2DA0037B1F4 /* Resources */ = {
			isa = PBXResourcesBuildPhase;
			buildActionMask = 2147483647;
			files = (
			);
			runOnlyForDeploymentPostprocessing = 0;
		};
/* End PBXResourcesBuildPhase section */

/* Begin PBXSourcesBuildPhase section */
		97C9F2D32EE9B2D60037B1F4 /* Sources */ = {
			isa = PBXSourcesBuildPhase;
			buildActionMask = 2147483647;
			files = (
				976FBE9F2EEEE940007218D4 /* DialogView.swift in Sources */,
				97C9F2E42EE9B2DA0037B1F4 /* Persistence.swift in Sources */,
				97733DEE2EEEC40A00611BD1 /* Constant.swift in Sources */,
				97EB3DE32EEAD4FD0056BB1F /* LoginViewModel.swift in Sources */,
				9775D4CB2EEC7728009B50C6 /* DashboardViewModel.swift in Sources */,
				974900C52EEF541C0056B6D4 /* Wallet.swift in Sources */,
				97733DEC2EEEC2CF00611BD1 /* FormatterHelper.swift in Sources */,
				97590BDF2EEDC1EA00FED302 /* Route.swift in Sources */,
				974900C72EEF544B0056B6D4 /* SendMoneyViewModel.swift in Sources */,
				97733DF02EEEC80300611BD1 /* TransactionViewModel.swift in Sources */,
				97F65C3B2EF03BD300AF149F /* View+Placeholder.swift in Sources */,
				97EB3DE52EEAF3140056BB1F /* DashboardView.swift in Sources */,
				97C9F2DB2EE9B2D60037B1F4 /* SendMoneyExamApp.swift in Sources */,
				97590BE12EEDD19800FED302 /* TransactionListView.swift in Sources */,
				97A632652EED900C004A3D76 /* SendMoneyView.swift in Sources */,
				97F65C422EF043E900AF149F /* TransactionDataManager.swift in Sources */,
				97A632632EED852D004A3D76 /* WalletViewModel.swift in Sources */,
				97F65C382EF008BA00AF149F /* TransactionItemView.swift in Sources */,
				97EB3DE12EEAD4F00056BB1F /* LoginView.swift in Sources */,
				97C9F2E72EE9B2DA0037B1F4 /* SendMoneyExam.xcdatamodeld in Sources */,
				978D66E72EEC16C3004CC45B /* AuthenticationService.swift in Sources */,
			);
			runOnlyForDeploymentPostprocessing = 0;
		};
		97C9F2E82EE9B2DA0037B1F4 /* Sources */ = {
			isa = PBXSourcesBuildPhase;
			buildActionMask = 2147483647;
			files = (
				97C9F2F12EE9B2DA0037B1F4 /* SendMoneyExamTests.swift in Sources */,
			);
			runOnlyForDeploymentPostprocessing = 0;
		};
		97C9F2F22EE9B2DA0037B1F4 /* Sources */ = {
			isa = PBXSourcesBuildPhase;
			buildActionMask = 2147483647;
			files = (
				97C9F2FD2EE9B2DA0037B1F4 /* SendMoneyExamUITestsLaunchTests.swift in Sources */,
				97C9F2FB2EE9B2DA0037B1F4 /* SendMoneyExamUITests.swift in Sources */,
			);
			runOnlyForDeploymentPostprocessing = 0;
		};
/* End PBXSourcesBuildPhase section */

/* Begin PBXTargetDependency section */
		97C9F2EE2EE9B2DA0037B1F4 /* PBXTargetDependency */ = {
			isa = PBXTargetDependency;
			target = 97C9F2D62EE9B2D60037B1F4 /* SendMoneyExam */;
			targetProxy = 97C9F2ED2EE9B2DA0037B1F4 /* PBXContainerItemProxy */;
		};
		97C9F2F82EE9B2DA0037B1F4 /* PBXTargetDependency */ = {
			isa = PBXTargetDependency;
			target = 97C9F2D62EE9B2D60037B1F4 /* SendMoneyExam */;
			targetProxy = 97C9F2F72EE9B2DA0037B1F4 /* PBXContainerItemProxy */;
		};
/* End PBXTargetDependency section */

/* Begin XCBuildConfiguration section */
		97C9F2FE2EE9B2DA0037B1F4 /* Debug */ = {
			isa = XCBuildConfiguration;
			buildSettings = {
				ALWAYS_SEARCH_USER_PATHS = NO;
				CLANG_ANALYZER_NONNULL = YES;
				CLANG_ANALYZER_NUMBER_OBJECT_CONVERSION = YES_AGGRESSIVE;
				CLANG_CXX_LANGUAGE_STANDARD = "gnu++20";
				CLANG_ENABLE_MODULES = YES;
				CLANG_ENABLE_OBJC_ARC = YES;
				CLANG_ENABLE_OBJC_WEAK = YES;
				CLANG_WARN_BLOCK_CAPTURE_AUTORELEASING = YES;
				CLANG_WARN_BOOL_CONVERSION = YES;
				CLANG_WARN_COMMA = YES;
				CLANG_WARN_CONSTANT_CONVERSION = YES;
				CLANG_WARN_DEPRECATED_OBJC_IMPLEMENTATIONS = YES;
				CLANG_WARN_DIRECT_OBJC_ISA_USAGE = YES_ERROR;
				CLANG_WARN_DOCUMENTATION_COMMENTS = YES;
				CLANG_WARN_EMPTY_BODY = YES;
				CLANG_WARN_ENUM_CONVERSION = YES;
				CLANG_WARN_INFINITE_RECURSION = YES;
				CLANG_WARN_INT_CONVERSION = YES;
				CLANG_WARN_NON_LITERAL_NULL_CONVERSION = YES;
				CLANG_WARN_OBJC_IMPLICIT_RETAIN_SELF = YES;
				CLANG_WARN_OBJC_LITERAL_CONVERSION = YES;
				CLANG_WARN_OBJC_ROOT_CLASS = YES_ERROR;
				CLANG_WARN_QUOTED_INCLUDE_IN_FRAMEWORK_HEADER = YES;
				CLANG_WARN_RANGE_LOOP_ANALYSIS = YES;
				CLANG_WARN_STRICT_PROTOTYPES = YES;
				CLANG_WARN_SUSPICIOUS_MOVE = YES;
				CLANG_WARN_UNGUARDED_AVAILABILITY = YES_AGGRESSIVE;
				CLANG_WARN_UNREACHABLE_CODE = YES;
				CLANG_WARN__DUPLICATE_METHOD_MATCH = YES;
				COPY_PHASE_STRIP = NO;
				DEBUG_INFORMATION_FORMAT = dwarf;
				ENABLE_STRICT_OBJC_MSGSEND = YES;
				ENABLE_TESTABILITY = YES;
				GCC_C_LANGUAGE_STANDARD = gnu11;
				GCC_DYNAMIC_NO_PIC = NO;
				GCC_NO_COMMON_BLOCKS = YES;
				GCC_OPTIMIZATION_LEVEL = 0;
				GCC_PREPROCESSOR_DEFINITIONS = (
					"DEBUG=1",
					"$(inherited)",
				);
				GCC_WARN_64_TO_32_BIT_CONVERSION = YES;
				GCC_WARN_ABOUT_RETURN_TYPE = YES_ERROR;
				GCC_WARN_UNDECLARED_SELECTOR = YES;
				GCC_WARN_UNINITIALIZED_AUTOS = YES_AGGRESSIVE;
				GCC_WARN_UNUSED_FUNCTION = YES;
				GCC_WARN_UNUSED_VARIABLE = YES;
				IPHONEOS_DEPLOYMENT_TARGET = 16.2;
				MTL_ENABLE_DEBUG_INFO = INCLUDE_SOURCE;
				MTL_FAST_MATH = YES;
				ONLY_ACTIVE_ARCH = YES;
				SDKROOT = iphoneos;
				SWIFT_ACTIVE_COMPILATION_CONDITIONS = DEBUG;
				SWIFT_OPTIMIZATION_LEVEL = "-Onone";
			};
			name = Debug;
		};
		97C9F2FF2EE9B2DA0037B1F4 /* Release */ = {
			isa = XCBuildConfiguration;
			buildSettings = {
				ALWAYS_SEARCH_USER_PATHS = NO;
				CLANG_ANALYZER_NONNULL = YES;
				CLANG_ANALYZER_NUMBER_OBJECT_CONVERSION = YES_AGGRESSIVE;
				CLANG_CXX_LANGUAGE_STANDARD = "gnu++20";
				CLANG_ENABLE_MODULES = YES;
				CLANG_ENABLE_OBJC_ARC = YES;
				CLANG_ENABLE_OBJC_WEAK = YES;
				CLANG_WARN_BLOCK_CAPTURE_AUTORELEASING = YES;
				CLANG_WARN_BOOL_CONVERSION = YES;
				CLANG_WARN_COMMA = YES;
				CLANG_WARN_CONSTANT_CONVERSION = YES;
				CLANG_WARN_DEPRECATED_OBJC_IMPLEMENTATIONS = YES;
				CLANG_WARN_DIRECT_OBJC_ISA_USAGE = YES_ERROR;
				CLANG_WARN_DOCUMENTATION_COMMENTS = YES;
				CLANG_WARN_EMPTY_BODY = YES;
				CLANG_WARN_ENUM_CONVERSION = YES;
				CLANG_WARN_INFINITE_RECURSION = YES;
				CLANG_WARN_INT_CONVERSION = YES;
				CLANG_WARN_NON_LITERAL_NULL_CONVERSION = YES;
				CLANG_WARN_OBJC_IMPLICIT_RETAIN_SELF = YES;
				CLANG_WARN_OBJC_LITERAL_CONVERSION = YES;
				CLANG_WARN_OBJC_ROOT_CLASS = YES_ERROR;
				CLANG_WARN_QUOTED_INCLUDE_IN_FRAMEWORK_HEADER = YES;
				CLANG_WARN_RANGE_LOOP_ANALYSIS = YES;
				CLANG_WARN_STRICT_PROTOTYPES = YES;
				CLANG_WARN_SUSPICIOUS_MOVE = YES;
				CLANG_WARN_UNGUARDED_AVAILABILITY = YES_AGGRESSIVE;
				CLANG_WARN_UNREACHABLE_CODE = YES;
				CLANG_WARN__DUPLICATE_METHOD_MATCH = YES;
				COPY_PHASE_STRIP = NO;
				DEBUG_INFORMATION_FORMAT = "dwarf-with-dsym";
				ENABLE_NS_ASSERTIONS = NO;
				ENABLE_STRICT_OBJC_MSGSEND = YES;
				GCC_C_LANGUAGE_STANDARD = gnu11;
				GCC_NO_COMMON_BLOCKS = YES;
				GCC_WARN_64_TO_32_BIT_CONVERSION = YES;
				GCC_WARN_ABOUT_RETURN_TYPE = YES_ERROR;
				GCC_WARN_UNDECLARED_SELECTOR = YES;
				GCC_WARN_UNINITIALIZED_AUTOS = YES_AGGRESSIVE;
				GCC_WARN_UNUSED_FUNCTION = YES;
				GCC_WARN_UNUSED_VARIABLE = YES;
				IPHONEOS_DEPLOYMENT_TARGET = 16.2;
				MTL_ENABLE_DEBUG_INFO = NO;
				MTL_FAST_MATH = YES;
				SDKROOT = iphoneos;
				SWIFT_COMPILATION_MODE = wholemodule;
				SWIFT_OPTIMIZATION_LEVEL = "-O";
				VALIDATE_PRODUCT = YES;
			};
			name = Release;
		};
		97C9F3012EE9B2DA0037B1F4 /* Debug */ = {
			isa = XCBuildConfiguration;
			buildSettings = {
				ASSETCATALOG_COMPILER_APPICON_NAME = AppIcon;
				ASSETCATALOG_COMPILER_GLOBAL_ACCENT_COLOR_NAME = AccentColor;
				CODE_SIGN_STYLE = Automatic;
				CURRENT_PROJECT_VERSION = 1;
				DEVELOPMENT_ASSET_PATHS = "\"SendMoneyExam/Preview Content\"";
				ENABLE_PREVIEWS = YES;
				GENERATE_INFOPLIST_FILE = YES;
				INFOPLIST_KEY_UIApplicationSceneManifest_Generation = YES;
				INFOPLIST_KEY_UIApplicationSupportsIndirectInputEvents = YES;
				INFOPLIST_KEY_UILaunchScreen_Generation = YES;
				INFOPLIST_KEY_UISupportedInterfaceOrientations_iPad = "UIInterfaceOrientationPortrait UIInterfaceOrientationPortraitUpsideDown UIInterfaceOrientationLandscapeLeft UIInterfaceOrientationLandscapeRight";
				INFOPLIST_KEY_UISupportedInterfaceOrientations_iPhone = "UIInterfaceOrientationPortrait UIInterfaceOrientationLandscapeLeft UIInterfaceOrientationLandscapeRight";
				LD_RUNPATH_SEARCH_PATHS = (
					"$(inherited)",
					"@executable_path/Frameworks",
				);
				MARKETING_VERSION = 1.0;
				PRODUCT_BUNDLE_IDENTIFIER = com.monty.SendMoneyExam;
				PRODUCT_NAME = "$(TARGET_NAME)";
				SWIFT_EMIT_LOC_STRINGS = YES;
				SWIFT_VERSION = 5.0;
				TARGETED_DEVICE_FAMILY = "1,2";
			};
			name = Debug;
		};
		97C9F3022EE9B2DA0037B1F4 /* Release */ = {
			isa = XCBuildConfiguration;
			buildSettings = {
				ASSETCATALOG_COMPILER_APPICON_NAME = AppIcon;
				ASSETCATALOG_COMPILER_GLOBAL_ACCENT_COLOR_NAME = AccentColor;
				CODE_SIGN_STYLE = Automatic;
				CURRENT_PROJECT_VERSION = 1;
				DEVELOPMENT_ASSET_PATHS = "\"SendMoneyExam/Preview Content\"";
				ENABLE_PREVIEWS = YES;
				GENERATE_INFOPLIST_FILE = YES;
				INFOPLIST_KEY_UIApplicationSceneManifest_Generation = YES;
				INFOPLIST_KEY_UIApplicationSupportsIndirectInputEvents = YES;
				INFOPLIST_KEY_UILaunchScreen_Generation = YES;
				INFOPLIST_KEY_UISupportedInterfaceOrientations_iPad = "UIInterfaceOrientationPortrait UIInterfaceOrientationPortraitUpsideDown UIInterfaceOrientationLandscapeLeft UIInterfaceOrientationLandscapeRight";
				INFOPLIST_KEY_UISupportedInterfaceOrientations_iPhone = "UIInterfaceOrientationPortrait UIInterfaceOrientationLandscapeLeft UIInterfaceOrientationLandscapeRight";
				LD_RUNPATH_SEARCH_PATHS = (
					"$(inherited)",
					"@executable_path/Frameworks",
				);
				MARKETING_VERSION = 1.0;
				PRODUCT_BUNDLE_IDENTIFIER = com.monty.SendMoneyExam;
				PRODUCT_NAME = "$(TARGET_NAME)";
				SWIFT_EMIT_LOC_STRINGS = YES;
				SWIFT_VERSION = 5.0;
				TARGETED_DEVICE_FAMILY = "1,2";
			};
			name = Release;
		};
		97C9F3042EE9B2DA0037B1F4 /* Debug */ = {
			isa = XCBuildConfiguration;
			buildSettings = {
				ALWAYS_EMBED_SWIFT_STANDARD_LIBRARIES = YES;
				BUNDLE_LOADER = "$(TEST_HOST)";
				CODE_SIGN_STYLE = Automatic;
				CURRENT_PROJECT_VERSION = 1;
				GENERATE_INFOPLIST_FILE = YES;
				IPHONEOS_DEPLOYMENT_TARGET = 16.2;
				MARKETING_VERSION = 1.0;
				PRODUCT_BUNDLE_IDENTIFIER = com.monty.SendMoneyExamTests;
				PRODUCT_NAME = "$(TARGET_NAME)";
				SWIFT_EMIT_LOC_STRINGS = NO;
				SWIFT_VERSION = 5.0;
				TARGETED_DEVICE_FAMILY = "1,2";
				TEST_HOST = "$(BUILT_PRODUCTS_DIR)/SendMoneyExam.app/$(BUNDLE_EXECUTABLE_FOLDER_PATH)/SendMoneyExam";
			};
			name = Debug;
		};
		97C9F3052EE9B2DA0037B1F4 /* Release */ = {
			isa = XCBuildConfiguration;
			buildSettings = {
				ALWAYS_EMBED_SWIFT_STANDARD_LIBRARIES = YES;
				BUNDLE_LOADER = "$(TEST_HOST)";
				CODE_SIGN_STYLE = Automatic;
				CURRENT_PROJECT_VERSION = 1;
				GENERATE_INFOPLIST_FILE = YES;
				IPHONEOS_DEPLOYMENT_TARGET = 16.2;
				MARKETING_VERSION = 1.0;
				PRODUCT_BUNDLE_IDENTIFIER = com.monty.SendMoneyExamTests;
				PRODUCT_NAME = "$(TARGET_NAME)";
				SWIFT_EMIT_LOC_STRINGS = NO;
				SWIFT_VERSION = 5.0;
				TARGETED_DEVICE_FAMILY = "1,2";
				TEST_HOST = "$(BUILT_PRODUCTS_DIR)/SendMoneyExam.app/$(BUNDLE_EXECUTABLE_FOLDER_PATH)/SendMoneyExam";
			};
			name = Release;
		};
		97C9F3072EE9B2DA0037B1F4 /* Debug */ = {
			isa = XCBuildConfiguration;
			buildSettings = {
				ALWAYS_EMBED_SWIFT_STANDARD_LIBRARIES = YES;
				CODE_SIGN_STYLE = Automatic;
				CURRENT_PROJECT_VERSION = 1;
				GENERATE_INFOPLIST_FILE = YES;
				MARKETING_VERSION = 1.0;
				PRODUCT_BUNDLE_IDENTIFIER = com.monty.SendMoneyExamUITests;
				PRODUCT_NAME = "$(TARGET_NAME)";
				SWIFT_EMIT_LOC_STRINGS = NO;
				SWIFT_VERSION = 5.0;
				TARGETED_DEVICE_FAMILY = "1,2";
				TEST_TARGET_NAME = SendMoneyExam;
			};
			name = Debug;
		};
		97C9F3082EE9B2DA0037B1F4 /* Release */ = {
			isa = XCBuildConfiguration;
			buildSettings = {
				ALWAYS_EMBED_SWIFT_STANDARD_LIBRARIES = YES;
				CODE_SIGN_STYLE = Automatic;
				CURRENT_PROJECT_VERSION = 1;
				GENERATE_INFOPLIST_FILE = YES;
				MARKETING_VERSION = 1.0;
				PRODUCT_BUNDLE_IDENTIFIER = com.monty.SendMoneyExamUITests;
				PRODUCT_NAME = "$(TARGET_NAME)";
				SWIFT_EMIT_LOC_STRINGS = NO;
				SWIFT_VERSION = 5.0;
				TARGETED_DEVICE_FAMILY = "1,2";
				TEST_TARGET_NAME = SendMoneyExam;
			};
			name = Release;
		};
/* End XCBuildConfiguration section */

/* Begin XCConfigurationList section */
		97C9F2D22EE9B2D60037B1F4 /* Build configuration list for PBXProject "SendMoneyExam" */ = {
			isa = XCConfigurationList;
			buildConfigurations = (
				97C9F2FE2EE9B2DA0037B1F4 /* Debug */,
				97C9F2FF2EE9B2DA0037B1F4 /* Release */,
			);
			defaultConfigurationIsVisible = 0;
			defaultConfigurationName = Release;
		};
		97C9F3002EE9B2DA0037B1F4 /* Build configuration list for PBXNativeTarget "SendMoneyExam" */ = {
			isa = XCConfigurationList;
			buildConfigurations = (
				97C9F3012EE9B2DA0037B1F4 /* Debug */,
				97C9F3022EE9B2DA0037B1F4 /* Release */,
			);
			defaultConfigurationIsVisible = 0;
			defaultConfigurationName = Release;
		};
		97C9F3032EE9B2DA0037B1F4 /* Build configuration list for PBXNativeTarget "SendMoneyExamTests" */ = {
			isa = XCConfigurationList;
			buildConfigurations = (
				97C9F3042EE9B2DA0037B1F4 /* Debug */,
				97C9F3052EE9B2DA0037B1F4 /* Release */,
			);
			defaultConfigurationIsVisible = 0;
			defaultConfigurationName = Release;
		};
		97C9F3062EE9B2DA0037B1F4 /* Build configuration list for PBXNativeTarget "SendMoneyExamUITests" */ = {
			isa = XCConfigurationList;
			buildConfigurations = (
				97C9F3072EE9B2DA0037B1F4 /* Debug */,
				97C9F3082EE9B2DA0037B1F4 /* Release */,
			);
			defaultConfigurationIsVisible = 0;
			defaultConfigurationName = Release;
		};
/* End XCConfigurationList section */

/* Begin XCVersionGroup section */
		97C9F2E52EE9B2DA0037B1F4 /* SendMoneyExam.xcdatamodeld */ = {
			isa = XCVersionGroup;
			children = (
				97C9F2E62EE9B2DA0037B1F4 /* SendMoneyExam.xcdatamodel */,
			);
			currentVersion = 97C9F2E62EE9B2DA0037B1F4 /* SendMoneyExam.xcdatamodel */;
			path = SendMoneyExam.xcdatamodeld;
			sourceTree = "<group>";
			versionGroupType = wrapper.xcdatamodel;
		};
/* End XCVersionGroup section */
	};
	rootObject = 97C9F2CF2EE9B2D60037B1F4 /* Project object */;
}
